{
  "name": "jorin",
  "version": "0.0.10",
  "lockfileVersion": 3,
  "requires": true,
  "packages": {
    "": {
      "name": "jorin",
      "version": "0.0.10",
      "license": "MIT",
      "bin": {
        "jorin": "bin/jorin.js"
      },
      "engines": {
        "node": ">=18"
      }
    }
  }
}
